
Microsoft Visual Studio Solution File, Format Version 11.00
# Visual Studio 2010
Project("{2150E333-8FDC-42A3-9474-1A3956D46DE8}") = "Plugins", "Plugins", "{D60B3C37-B79E-4919-A190-3C3F9EFA2B3E}"
EndProject
Project("{2150E333-8FDC-42A3-9474-1A3956D46DE8}") = "Specs", "Specs", "{F5C07F9F-44F2-44E8-B750-A652A6F020E7}"
EndProject
Project("{FAE04EC0-301F-11D3-BF4B-00C04F79EFBC}") = "Dunn.TreeTrim.7ZipPlugin", "Plugins\Dunn.TreeTrim.7ZipPlugin\Dunn.TreeTrim.7ZipPlugin.csproj", "{111BC3D4-51BC-4C53-B381-0B77FD15110D}"
EndProject
Project("{FAE04EC0-301F-11D3-BF4B-00C04F79EFBC}") = "Dunn.TreeTrim.DeleteFromDiskPlugin", "Plugins\Dunn.TreeTrim.DeleteFromDiskPlugin\Dunn.TreeTrim.DeleteFromDiskPlugin.csproj", "{F2FCDBF4-9A67-4F59-9421-B9684D8F2DE8}"
EndProject
Project("{FAE04EC0-301F-11D3-BF4B-00C04F79EFBC}") = "Dunn.TreeTrim.EmailPlugin", "Plugins\Dunn.TreeTrim.EmailPlugin\Dunn.TreeTrim.EmailPlugin.csproj", "{608E3533-28F2-400B-BAAB-185BDA314FE6}"
EndProject
Project("{FAE04EC0-301F-11D3-BF4B-00C04F79EFBC}") = "Dunn.TreeTrim.SourceControlBindingRemovalPlugin", "Plugins\Dunn.TreeTrim.SourceControlBindingRemovalPlugin\Dunn.TreeTrim.SourceControlBindingRemovalPlugin.csproj", "{AFBB2129-5D1A-478F-9ACC-20B6AF869636}"
EndProject
Project("{FAE04EC0-301F-11D3-BF4B-00C04F79EFBC}") = "Dunn.TreeTrim.SubversionRemovalPlugin", "Plugins\Dunn.TreeTrim.SubversionRemovalPlugin\Dunn.TreeTrim.SubversionRemovalPlugin.csproj", "{D3B7A049-459B-4C65-9646-913236477734}"
EndProject
Project("{FAE04EC0-301F-11D3-BF4B-00C04F79EFBC}") = "Dunn.TreeTrim.ZipPlugin", "Plugins\Dunn.TreeTrim.ZipPlugin\Dunn.TreeTrim.ZipPlugin.csproj", "{416C47D2-62C8-4908-B0D6-613B2E994C90}"
EndProject
Project("{FAE04EC0-301F-11D3-BF4B-00C04F79EFBC}") = "Dunn.TreeTrim", "Dunn.TreeTrim\Dunn.TreeTrim.csproj", "{DBBAB968-CE61-4645-8BB7-04E779512248}"
EndProject
Project("{FAE04EC0-301F-11D3-BF4B-00C04F79EFBC}") = "TreeTrim.Console", "TreeTrim.Console\TreeTrim.Console.csproj", "{AF310EA4-BD88-445A-879C-E3270066832F}"
	ProjectSection(ProjectDependencies) = postProject
		{AFBB2129-5D1A-478F-9ACC-20B6AF869636} = {AFBB2129-5D1A-478F-9ACC-20B6AF869636}
		{608E3533-28F2-400B-BAAB-185BDA314FE6} = {608E3533-28F2-400B-BAAB-185BDA314FE6}
		{D3B7A049-459B-4C65-9646-913236477734} = {D3B7A049-459B-4C65-9646-913236477734}
		{416C47D2-62C8-4908-B0D6-613B2E994C90} = {416C47D2-62C8-4908-B0D6-613B2E994C90}
		{111BC3D4-51BC-4C53-B381-0B77FD15110D} = {111BC3D4-51BC-4C53-B381-0B77FD15110D}
		{F2FCDBF4-9A67-4F59-9421-B9684D8F2DE8} = {F2FCDBF4-9A67-4F59-9421-B9684D8F2DE8}
	EndProjectSection
EndProject
Project("{54435603-DBB4-11D2-8724-00A0C9A8B90C}") = "TreeTrimSetup", "TreeTrimSetup\TreeTrimSetup.vdproj", "{31836174-13CF-4F80-8BD4-CCD12CA54617}"
	ProjectSection(ProjectDependencies) = postProject
		{AFBB2129-5D1A-478F-9ACC-20B6AF869636} = {AFBB2129-5D1A-478F-9ACC-20B6AF869636}
		{A07F2630-7BC6-45A3-90E3-F7D1293E4A0A} = {A07F2630-7BC6-45A3-90E3-F7D1293E4A0A}
		{608E3533-28F2-400B-BAAB-185BDA314FE6} = {608E3533-28F2-400B-BAAB-185BDA314FE6}
		{D3B7A049-459B-4C65-9646-913236477734} = {D3B7A049-459B-4C65-9646-913236477734}
		{2BAB535F-91F3-4E17-BF6C-907831E12F31} = {2BAB535F-91F3-4E17-BF6C-907831E12F31}
		{DBBAB968-CE61-4645-8BB7-04E779512248} = {DBBAB968-CE61-4645-8BB7-04E779512248}
		{875E9B93-A0E7-4D7E-A11B-BEA05A1A34EE} = {875E9B93-A0E7-4D7E-A11B-BEA05A1A34EE}
		{AF310EA4-BD88-445A-879C-E3270066832F} = {AF310EA4-BD88-445A-879C-E3270066832F}
		{93C449C6-9F15-4DD6-94CC-844A83A6932C} = {93C449C6-9F15-4DD6-94CC-844A83A6932C}
		{416C47D2-62C8-4908-B0D6-613B2E994C90} = {416C47D2-62C8-4908-B0D6-613B2E994C90}
		{111BC3D4-51BC-4C53-B381-0B77FD15110D} = {111BC3D4-51BC-4C53-B381-0B77FD15110D}
		{F2FCDBF4-9A67-4F59-9421-B9684D8F2DE8} = {F2FCDBF4-9A67-4F59-9421-B9684D8F2DE8}
	EndProjectSection
EndProject
Project("{FAE04EC0-301F-11D3-BF4B-00C04F79EFBC}") = "Dunn.TreeTrim.Specs", "Specs\Dunn.TreeTrim.Specs\Dunn.TreeTrim.Specs.csproj", "{A07F2630-7BC6-45A3-90E3-F7D1293E4A0A}"
EndProject
Project("{FAE04EC0-301F-11D3-BF4B-00C04F79EFBC}") = "Dunn.TreeTrim.EmailPlugin.Specs", "Specs\Dunn.TreeTrim.EmailPlugin.Specs\Dunn.TreeTrim.EmailPlugin.Specs.csproj", "{875E9B93-A0E7-4D7E-A11B-BEA05A1A34EE}"
EndProject
Project("{FAE04EC0-301F-11D3-BF4B-00C04F79EFBC}") = "Dunn.TreeTrim.WorkingCopyPlugin", "Plugins\Dunn.TreeTrim.WorkingCopyPlugin\Dunn.TreeTrim.WorkingCopyPlugin.csproj", "{93C449C6-9F15-4DD6-94CC-844A83A6932C}"
EndProject
Project("{FAE04EC0-301F-11D3-BF4B-00C04F79EFBC}") = "TreeTrim.Gui", "TreeTrim.Gui\TreeTrim.Gui.csproj", "{2BAB535F-91F3-4E17-BF6C-907831E12F31}"
EndProject
Project("{FAE04EC0-301F-11D3-BF4B-00C04F79EFBC}") = "Dunn.TreeTrim.ShowInExplorerPlugin", "Plugins\Dunn.TreeTrim.ShowInExplorerPlugin\Dunn.TreeTrim.ShowInExplorerPlugin.csproj", "{CD4FCF52-ADF6-410F-AC20-F571AA0B8BB6}"
EndProject
Project("{FAE04EC0-301F-11D3-BF4B-00C04F79EFBC}") = "Dunn.TreeTrim.ShowInExplorerPlugin.Specs", "Specs\Dunn.TreeTrim.ShowInExplorerPlugin.Specs\Dunn.TreeTrim.ShowInExplorerPlugin.Specs.csproj", "{E53A3C97-A1BB-4AED-921F-65A23EFDB2BE}"
EndProject
Global
	GlobalSection(SolutionConfigurationPlatforms) = preSolution
		Debug|Any CPU = Debug|Any CPU
		Release|Any CPU = Release|Any CPU
	EndGlobalSection
	GlobalSection(ProjectConfigurationPlatforms) = postSolution
		{111BC3D4-51BC-4C53-B381-0B77FD15110D}.Debug|Any CPU.ActiveCfg = Debug|Any CPU
		{111BC3D4-51BC-4C53-B381-0B77FD15110D}.Debug|Any CPU.Build.0 = Debug|Any CPU
		{111BC3D4-51BC-4C53-B381-0B77FD15110D}.Release|Any CPU.ActiveCfg = Release|Any CPU
		{111BC3D4-51BC-4C53-B381-0B77FD15110D}.Release|Any CPU.Build.0 = Release|Any CPU
		{F2FCDBF4-9A67-4F59-9421-B9684D8F2DE8}.Debug|Any CPU.ActiveCfg = Debug|Any CPU
		{F2FCDBF4-9A67-4F59-9421-B9684D8F2DE8}.Debug|Any CPU.Build.0 = Debug|Any CPU
		{F2FCDBF4-9A67-4F59-9421-B9684D8F2DE8}.Release|Any CPU.ActiveCfg = Release|Any CPU
		{F2FCDBF4-9A67-4F59-9421-B9684D8F2DE8}.Release|Any CPU.Build.0 = Release|Any CPU
		{608E3533-28F2-400B-BAAB-185BDA314FE6}.Debug|Any CPU.ActiveCfg = Debug|Any CPU
		{608E3533-28F2-400B-BAAB-185BDA314FE6}.Debug|Any CPU.Build.0 = Debug|Any CPU
		{608E3533-28F2-400B-BAAB-185BDA314FE6}.Release|Any CPU.ActiveCfg = Release|Any CPU
		{608E3533-28F2-400B-BAAB-185BDA314FE6}.Release|Any CPU.Build.0 = Release|Any CPU
		{AFBB2129-5D1A-478F-9ACC-20B6AF869636}.Debug|Any CPU.ActiveCfg = Debug|Any CPU
		{AFBB2129-5D1A-478F-9ACC-20B6AF869636}.Debug|Any CPU.Build.0 = Debug|Any CPU
		{AFBB2129-5D1A-478F-9ACC-20B6AF869636}.Release|Any CPU.ActiveCfg = Release|Any CPU
		{AFBB2129-5D1A-478F-9ACC-20B6AF869636}.Release|Any CPU.Build.0 = Release|Any CPU
		{D3B7A049-459B-4C65-9646-913236477734}.Debug|Any CPU.ActiveCfg = Debug|Any CPU
		{D3B7A049-459B-4C65-9646-913236477734}.Debug|Any CPU.Build.0 = Debug|Any CPU
		{D3B7A049-459B-4C65-9646-913236477734}.Release|Any CPU.ActiveCfg = Release|Any CPU
		{D3B7A049-459B-4C65-9646-913236477734}.Release|Any CPU.Build.0 = Release|Any CPU
		{416C47D2-62C8-4908-B0D6-613B2E994C90}.Debug|Any CPU.ActiveCfg = Debug|Any CPU
		{416C47D2-62C8-4908-B0D6-613B2E994C90}.Debug|Any CPU.Build.0 = Debug|Any CPU
		{416C47D2-62C8-4908-B0D6-613B2E994C90}.Release|Any CPU.ActiveCfg = Release|Any CPU
		{416C47D2-62C8-4908-B0D6-613B2E994C90}.Release|Any CPU.Build.0 = Release|Any CPU
		{DBBAB968-CE61-4645-8BB7-04E779512248}.Debug|Any CPU.ActiveCfg = Debug|Any CPU
		{DBBAB968-CE61-4645-8BB7-04E779512248}.Debug|Any CPU.Build.0 = Debug|Any CPU
		{DBBAB968-CE61-4645-8BB7-04E779512248}.Release|Any CPU.ActiveCfg = Release|Any CPU
		{DBBAB968-CE61-4645-8BB7-04E779512248}.Release|Any CPU.Build.0 = Release|Any CPU
		{AF310EA4-BD88-445A-879C-E3270066832F}.Debug|Any CPU.ActiveCfg = Debug|Any CPU
		{AF310EA4-BD88-445A-879C-E3270066832F}.Debug|Any CPU.Build.0 = Debug|Any CPU
		{AF310EA4-BD88-445A-879C-E3270066832F}.Release|Any CPU.ActiveCfg = Release|Any CPU
		{AF310EA4-BD88-445A-879C-E3270066832F}.Release|Any CPU.Build.0 = Release|Any CPU
		{31836174-13CF-4F80-8BD4-CCD12CA54617}.Debug|Any CPU.ActiveCfg = Debug
		{31836174-13CF-4F80-8BD4-CCD12CA54617}.Release|Any CPU.ActiveCfg = Release
		{A07F2630-7BC6-45A3-90E3-F7D1293E4A0A}.Debug|Any CPU.ActiveCfg = Debug|Any CPU
		{A07F2630-7BC6-45A3-90E3-F7D1293E4A0A}.Debug|Any CPU.Build.0 = Debug|Any CPU
		{A07F2630-7BC6-45A3-90E3-F7D1293E4A0A}.Release|Any CPU.ActiveCfg = Release|Any CPU
		{A07F2630-7BC6-45A3-90E3-F7D1293E4A0A}.Release|Any CPU.Build.0 = Release|Any CPU
		{875E9B93-A0E7-4D7E-A11B-BEA05A1A34EE}.Debug|Any CPU.ActiveCfg = Debug|Any CPU
		{875E9B93-A0E7-4D7E-A11B-BEA05A1A34EE}.Debug|Any CPU.Build.0 = Debug|Any CPU
		{875E9B93-A0E7-4D7E-A11B-BEA05A1A34EE}.Release|Any CPU.ActiveCfg = Release|Any CPU
		{875E9B93-A0E7-4D7E-A11B-BEA05A1A34EE}.Release|Any CPU.Build.0 = Release|Any CPU
		{93C449C6-9F15-4DD6-94CC-844A83A6932C}.Debug|Any CPU.ActiveCfg = Debug|Any CPU
		{93C449C6-9F15-4DD6-94CC-844A83A6932C}.Debug|Any CPU.Build.0 = Debug|Any CPU
		{93C449C6-9F15-4DD6-94CC-844A83A6932C}.Release|Any CPU.ActiveCfg = Release|Any CPU
		{93C449C6-9F15-4DD6-94CC-844A83A6932C}.Release|Any CPU.Build.0 = Release|Any CPU
		{2BAB535F-91F3-4E17-BF6C-907831E12F31}.Debug|Any CPU.ActiveCfg = Debug|Any CPU
		{2BAB535F-91F3-4E17-BF6C-907831E12F31}.Debug|Any CPU.Build.0 = Debug|Any CPU
		{2BAB535F-91F3-4E17-BF6C-907831E12F31}.Release|Any CPU.ActiveCfg = Release|Any CPU
		{2BAB535F-91F3-4E17-BF6C-907831E12F31}.Release|Any CPU.Build.0 = Release|Any CPU
		{CD4FCF52-ADF6-410F-AC20-F571AA0B8BB6}.Debug|Any CPU.ActiveCfg = Debug|Any CPU
		{CD4FCF52-ADF6-410F-AC20-F571AA0B8BB6}.Debug|Any CPU.Build.0 = Debug|Any CPU
		{CD4FCF52-ADF6-410F-AC20-F571AA0B8BB6}.Release|Any CPU.ActiveCfg = Release|Any CPU
		{CD4FCF52-ADF6-410F-AC20-F571AA0B8BB6}.Release|Any CPU.Build.0 = Release|Any CPU
		{E53A3C97-A1BB-4AED-921F-65A23EFDB2BE}.Debug|Any CPU.ActiveCfg = Debug|Any CPU
		{E53A3C97-A1BB-4AED-921F-65A23EFDB2BE}.Debug|Any CPU.Build.0 = Debug|Any CPU
		{E53A3C97-A1BB-4AED-921F-65A23EFDB2BE}.Release|Any CPU.ActiveCfg = Release|Any CPU
		{E53A3C97-A1BB-4AED-921F-65A23EFDB2BE}.Release|Any CPU.Build.0 = Release|Any CPU
	EndGlobalSection
	GlobalSection(SolutionProperties) = preSolution
		HideSolutionNode = FALSE
	EndGlobalSection
	GlobalSection(NestedProjects) = preSolution
		{111BC3D4-51BC-4C53-B381-0B77FD15110D} = {D60B3C37-B79E-4919-A190-3C3F9EFA2B3E}
		{F2FCDBF4-9A67-4F59-9421-B9684D8F2DE8} = {D60B3C37-B79E-4919-A190-3C3F9EFA2B3E}
		{608E3533-28F2-400B-BAAB-185BDA314FE6} = {D60B3C37-B79E-4919-A190-3C3F9EFA2B3E}
		{AFBB2129-5D1A-478F-9ACC-20B6AF869636} = {D60B3C37-B79E-4919-A190-3C3F9EFA2B3E}
		{D3B7A049-459B-4C65-9646-913236477734} = {D60B3C37-B79E-4919-A190-3C3F9EFA2B3E}
		{416C47D2-62C8-4908-B0D6-613B2E994C90} = {D60B3C37-B79E-4919-A190-3C3F9EFA2B3E}
		{93C449C6-9F15-4DD6-94CC-844A83A6932C} = {D60B3C37-B79E-4919-A190-3C3F9EFA2B3E}
		{CD4FCF52-ADF6-410F-AC20-F571AA0B8BB6} = {D60B3C37-B79E-4919-A190-3C3F9EFA2B3E}
		{A07F2630-7BC6-45A3-90E3-F7D1293E4A0A} = {F5C07F9F-44F2-44E8-B750-A652A6F020E7}
		{875E9B93-A0E7-4D7E-A11B-BEA05A1A34EE} = {F5C07F9F-44F2-44E8-B750-A652A6F020E7}
		{E53A3C97-A1BB-4AED-921F-65A23EFDB2BE} = {F5C07F9F-44F2-44E8-B750-A652A6F020E7}
	EndGlobalSection
EndGlobal
